
Microsoft Visual Studio Solution File, Format Version 12.00
# Visual Studio 15
VisualStudioVersion = 15.0.28010.2048
MinimumVisualStudioVersion = 10.0.40219.1
Project("{8BC9CEB8-8B4A-11D0-8D11-00A0C91BC942}") = "Catch2_Intro", "Catch2_Intro\Catch2_Intro.vcxproj", "{7E93E0DF-1C43-43AF-B7FE-D95218E23715}"
EndProject
Global
	GlobalSection(SolutionConfigurationPlatforms) = preSolution
		Debug|x64 = Debug|x64
		Debug|x86 = Debug|x86
		Release|x64 = Release|x64
		Release|x86 = Release|x86
	EndGlobalSection
	GlobalSection(ProjectConfigurationPlatforms) = postSolution
		{7E93E0DF-1C43-43AF-B7FE-D95218E23715}.Debug|x64.ActiveCfg = Debug|x64
		{7E93E0DF-1C43-43AF-B7FE-D95218E23715}.Debug|x64.Build.0 = Debug|x64
		{7E93E0DF-1C43-43AF-B7FE-D95218E23715}.Debug|x86.ActiveCfg = Debug|Win32
		{7E93E0DF-1C43-43AF-B7FE-D95218E23715}.Debug|x86.Build.0 = Debug|Win32
		{7E93E0DF-1C43-43AF-B7FE-D95218E23715}.Release|x64.ActiveCfg = Release|x64
		{7E93E0DF-1C43-43AF-B7FE-D95218E23715}.Release|x64.Build.0 = Release|x64
		{7E93E0DF-1C43-43AF-B7FE-D95218E23715}.Release|x86.ActiveCfg = Release|Win32
		{7E93E0DF-1C43-43AF-B7FE-D95218E23715}.Release|x86.Build.0 = Release|Win32
	EndGlobalSection
	GlobalSection(SolutionProperties) = preSolution
		HideSolutionNode = FALSE
	EndGlobalSection
	GlobalSection(ExtensibilityGlobals) = postSolution
		SolutionGuid = {7E62EB51-B722-4455-9F00-BC7929608554}
	EndGlobalSection
EndGlobal
